
Microsoft Visual Studio Solution File, Format Version 10.00
# Visual Studio 2008
Project("{FAE04EC0-301F-11D3-BF4B-00C04F79EFBC}") = "SLANG_DOT_NET", "SLANG_DOT_NET\SLANG_DOT_NET.csproj", "{A7FAD3F1-B5FC-4E4C-A94F-6BFC7D4CAB56}"
EndProject
Project("{FAE04EC0-301F-11D3-BF4B-00C04F79EFBC}") = "SLANGINTERPRET", "CallSLANG\SLANGINTERPRET.csproj", "{1208D685-999B-4526-902C-B4C3BB88AC1F}"
EndProject
Project("{FAE04EC0-301F-11D3-BF4B-00C04F79EFBC}") = "SLANGCOMPILE", "SLANGCOMPILE\SLANGCOMPILE.csproj", "{E9120FE3-7D42-43CB-8B29-088FD0540FED}"
EndProject
Global
	GlobalSection(SolutionConfigurationPlatforms) = preSolution
		Debug|Any CPU = Debug|Any CPU
		Release|Any CPU = Release|Any CPU
	EndGlobalSection
	GlobalSection(ProjectConfigurationPlatforms) = postSolution
		{A7FAD3F1-B5FC-4E4C-A94F-6BFC7D4CAB56}.Debug|Any CPU.ActiveCfg = Debug|Any CPU
		{A7FAD3F1-B5FC-4E4C-A94F-6BFC7D4CAB56}.Debug|Any CPU.Build.0 = Debug|Any CPU
		{A7FAD3F1-B5FC-4E4C-A94F-6BFC7D4CAB56}.Release|Any CPU.ActiveCfg = Release|Any CPU
		{A7FAD3F1-B5FC-4E4C-A94F-6BFC7D4CAB56}.Release|Any CPU.Build.0 = Release|Any CPU
		{1208D685-999B-4526-902C-B4C3BB88AC1F}.Debug|Any CPU.ActiveCfg = Debug|Any CPU
		{1208D685-999B-4526-902C-B4C3BB88AC1F}.Debug|Any CPU.Build.0 = Debug|Any CPU
		{1208D685-999B-4526-902C-B4C3BB88AC1F}.Release|Any CPU.ActiveCfg = Release|Any CPU
		{1208D685-999B-4526-902C-B4C3BB88AC1F}.Release|Any CPU.Build.0 = Release|Any CPU
		{E9120FE3-7D42-43CB-8B29-088FD0540FED}.Debug|Any CPU.ActiveCfg = Debug|Any CPU
		{E9120FE3-7D42-43CB-8B29-088FD0540FED}.Debug|Any CPU.Build.0 = Debug|Any CPU
		{E9120FE3-7D42-43CB-8B29-088FD0540FED}.Release|Any CPU.ActiveCfg = Release|Any CPU
		{E9120FE3-7D42-43CB-8B29-088FD0540FED}.Release|Any CPU.Build.0 = Release|Any CPU
	EndGlobalSection
	GlobalSection(SolutionProperties) = preSolution
		HideSolutionNode = FALSE
	EndGlobalSection
EndGlobal
